{
  "lockfileVersion": 1,
  "workspaces": {
    "": {
      "name": "port-inspect",
      "dependencies": {
        "@mikr13/port-check": "^1.0.3",
      },
    },
  },
  "packages": {
    "@mikr13/port-check": ["@mikr13/port-check@1.0.3", "", { "bin": { "port-check": "index.js" } }, "sha512-ipSaSoWGeiKAiei3picd8f4bbEJkgCvN9A6OPzTZXft9YaqhEcDXmu3pfTjpIVa/oUfLRSqjlAy6PUuFolBgqw=="],
  }
}
